PODS:
  - Alamofire (4.7.2)
  - AlamofireImage (3.3.1):
    - Alamofire (~> 4.5)
  - ASHorizontalScrollView (1.5.1)
  - BadgeSwift (5.0.1)
  - Cosmos (16.0.0)
  - Crashlytics (3.10.2):
    - Fabric (~> 1.7.7)
  - DynamicBlurView (2.0.2)
  - EstimoteBluetoothScanning (0.2.0)
  - EstimoteProximitySDK (0.13.1):
    - EstimoteBluetoothScanning (~> 0.2.0)
  - Fabric (1.7.7)
  - Firebase/Core (5.2.0):
    - Firebase/CoreOnly
    - FirebaseAnalytics (= 5.0.1)
  - Firebase/CoreOnly (5.2.0):
    - FirebaseCore (= 5.0.3)
  - Firebase/Messaging (5.2.0):
    - Firebase/CoreOnly
    - FirebaseMessaging (= 3.0.2)
  - Firebase/Performance (5.2.0):
    - Firebase/Core
    - FirebasePerformance (= 2.0.0)
  - FirebaseAnalytics (5.0.1):
    - FirebaseCore (~> 5.0)
    - FirebaseInstanceID (~> 3.0)
    - "GoogleToolboxForMac/NSData+zlib (~> 2.1)"
    - nanopb (~> 0.3)
  - FirebaseCore (5.0.3):
    - "GoogleToolboxForMac/NSData+zlib (~> 2.1)"
  - FirebaseInstanceID (3.1.0):
    - FirebaseCore (~> 5.0)
  - FirebaseMessaging (3.0.2):
    - FirebaseCore (~> 5.0)
    - FirebaseInstanceID (~> 3.0)
    - GoogleToolboxForMac/Logger (~> 2.1)
    - Protobuf (~> 3.1)
  - FirebasePerformance (2.0.0):
    - FirebaseAnalytics (~> 5.0)
    - FirebaseInstanceID (~> 3.0)
    - FirebaseSwizzlingUtilities/ISASwizzling (~> 2.0)
    - FirebaseSwizzlingUtilities/MethodSwizzling (~> 2.0)
    - GoogleToolboxForMac/Logger (~> 2.1)
    - "GoogleToolboxForMac/NSData+zlib (~> 2.1)"
    - GTMSessionFetcher/Core (~> 1.1)
    - Protobuf (~> 3.5)
  - FirebaseSwizzlingUtilities/ISASwizzling (2.0.0)
  - FirebaseSwizzlingUtilities/MethodSwizzling (2.0.0):
    - FirebaseCore (~> 5.0)
  - GoogleToolboxForMac/Defines (2.1.4)
  - GoogleToolboxForMac/Logger (2.1.4):
    - GoogleToolboxForMac/Defines (= 2.1.4)
  - "GoogleToolboxForMac/NSData+zlib (2.1.4)":
    - GoogleToolboxForMac/Defines (= 2.1.4)
  - GTMSessionFetcher/Core (1.1.15)
  - IBAnimatable (5.1.0)
  - ImageSlideshow (1.6.1):
    - ImageSlideshow/Core (= 1.6.1)
  - ImageSlideshow/Alamofire (1.6.1):
    - AlamofireImage (~> 3.0)
    - ImageSlideshow/Core
  - ImageSlideshow/Core (1.6.1)
  - ImageViewer (5.0.0)
  - IQKeyboardManagerSwift (6.0.4)
  - JSONWebToken (2.2.0)
  - KeychainAccess (3.1.1)
  - LGButton (1.0.5)
  - MarqueeLabel/Swift (3.1.6)
  - MBSegueCollection (0.2.1)
  - MobilePlayer (1.2.0)
  - nanopb (0.3.8):
    - nanopb/decode (= 0.3.8)
    - nanopb/encode (= 0.3.8)
  - nanopb/decode (0.3.8)
  - nanopb/encode (0.3.8)
  - NotificationBannerSwift (1.6.3):
    - MarqueeLabel/Swift
    - SnapKit (~> 4.0)
  - PKHUD (5.0.0)
  - PopupDialog (0.7.1):
    - DynamicBlurView (~> 2.0)
  - Protobuf (3.6.0)
  - Realm (3.7.2):
    - Realm/Headers (= 3.7.2)
  - Realm/Headers (3.7.2)
  - RealmSwift (3.7.2):
    - Realm (= 3.7.2)
  - RxCocoa (4.2.0):
    - RxSwift (~> 4.0)
  - RxSwift (4.2.0)
  - SearchTextField (1.2.0)
  - SkyFloatingLabelTextField (3.5.1)
  - SnapKit (4.0.0)
  - StyleDecorator (0.4.2)
  - SwiftIconFont (2.8.0)
  - SwiftyGif (4.1.0)
  - SwiftyJSON (4.1.0)

DEPENDENCIES:
  - Alamofire
  - AlamofireImage
  - ASHorizontalScrollView
  - BadgeSwift
  - Cosmos
  - Crashlytics
  - EstimoteProximitySDK
  - Fabric
  - Firebase/Core
  - Firebase/Messaging
  - Firebase/Performance
  - IBAnimatable
  - ImageSlideshow
  - ImageSlideshow/Alamofire
  - ImageViewer
  - IQKeyboardManagerSwift
  - JSONWebToken
  - KeychainAccess
  - LGButton
  - MarqueeLabel/Swift
  - MBSegueCollection
  - MobilePlayer
  - NotificationBannerSwift
  - PKHUD
  - PopupDialog
  - RealmSwift
  - RxCocoa
  - RxSwift
  - SearchTextField
  - SkyFloatingLabelTextField
  - StyleDecorator
  - SwiftIconFont
  - SwiftyGif
  - SwiftyJSON

SPEC REPOS:
  https://github.com/cocoapods/specs.git:
    - Alamofire
    - AlamofireImage
    - ASHorizontalScrollView
    - BadgeSwift
    - Cosmos
    - Crashlytics
    - DynamicBlurView
    - EstimoteBluetoothScanning
    - EstimoteProximitySDK
    - Fabric
    - Firebase
    - FirebaseAnalytics
    - FirebaseCore
    - FirebaseInstanceID
    - FirebaseMessaging
    - FirebasePerformance
    - FirebaseSwizzlingUtilities
    - GoogleToolboxForMac
    - GTMSessionFetcher
    - IBAnimatable
    - ImageSlideshow
    - ImageViewer
    - IQKeyboardManagerSwift
    - JSONWebToken
    - KeychainAccess
    - LGButton
    - MarqueeLabel
    - MBSegueCollection
    - MobilePlayer
    - nanopb
    - NotificationBannerSwift
    - PKHUD
    - PopupDialog
    - Protobuf
    - Realm
    - RealmSwift
    - RxCocoa
    - RxSwift
    - SearchTextField
    - SkyFloatingLabelTextField
    - SnapKit
    - StyleDecorator
    - SwiftIconFont
    - SwiftyGif
    - SwiftyJSON

SPEC CHECKSUMS:
  Alamofire: e4fa87002c137ba2d8d634d2c51fabcda0d5c223
  AlamofireImage: 3b35b586853abaf94ca1250f4e94cff3c21a4c0d
  ASHorizontalScrollView: 9c98b9226509540075b6398c92f68fb474bea7e9
  BadgeSwift: 3defa56f504bfb46f2300122c4a565ec9e405c1e
  Cosmos: 7bcee0fa858a9355a214f2a181be5dffcee42c81
  Crashlytics: 0360624eea1c978a743feddb2fb1ef8b37fb7a0d
  DynamicBlurView: aa6db4defc6e537eb86fc5e58dd3991666178399
  EstimoteBluetoothScanning: d44e46ebebe4e0e2696c4577168cb8660b5d4ee9
  EstimoteProximitySDK: b9523b79842a39f3738b8a2e46d1303e463abd65
  Fabric: bda89e242bce1b7b8ab264248cf3407774ce0095
  Firebase: 25ed0412036d7d008568d1fb4d2e9d81ea8a0a2c
  FirebaseAnalytics: b3628aea54c50464c32c393fb2ea032566e7ecc2
  FirebaseCore: a3c87242451633fff8490183898075ce77d168d2
  FirebaseInstanceID: 05d779cbb97bd5bd5c51a38a903fc9cfe1b2454a
  FirebaseMessaging: 6894b8fe0a0cf26c3b13dad729f1131654ae0bdb
  FirebasePerformance: 1ec6c40e5dad2543ca4c4f25d15168bde6322c2c
  FirebaseSwizzlingUtilities: 6c22677c50d0b6f5f0dc637c1233f13694a3003f
  GoogleToolboxForMac: 91c824d21e85b31c2aae9bb011c5027c9b4e738f
  GTMSessionFetcher: 5fa5b80fd20e439ef5f545fb2cb3ca6c6714caa2
  IBAnimatable: dd81f8f22e9982b05e8ac50794e4c8988cc300f2
  ImageSlideshow: f0f33e1a20668e83d77f5fb7729e4ae4437c0759
  ImageViewer: 3def6e39c6979ce3e9d001c78eec0d8b895f2f73
  IQKeyboardManagerSwift: 36dbe324b4f9793f5f41ba5227f3e7c76dfefd50
  JSONWebToken: 6fae32489632658d563dd6952a5c34020ea813e4
  KeychainAccess: 7bd430028059754a3debab3cfc0bd1fc7fb85df3
  LGButton: 707ce916eb80b73a6c4688df34bee11adbafb663
  MarqueeLabel: 0c41f08ef5773e29c0f71064a8fa788a2fd8b365
  MBSegueCollection: d837c6645ade9607dd4ff1161ec995d5485c157a
  MobilePlayer: 069b13482499f14c25b6ce53f63a91e17975b073
  nanopb: 5601e6bca2dbf1ed831b519092ec110f66982ca3
  NotificationBannerSwift: b231e4c3244848ef300e1c53ce027b9756b9b06f
  PKHUD: 3c001512c6e002091184197a8de7a20420786e3b
  PopupDialog: 39598b7d41719f5c025b4b70e62728bae7734fef
  Protobuf: 0fc0ad8bec688b2a3017a139953e01374fedbd5f
  Realm: dd18c3014e8d90df300b83c6da740067436089c5
  RealmSwift: 79917cae59a0c43ef8118b233a5978891dd50b4a
  RxCocoa: 0b54909c902e1e581212a03e690bbd94032d8baa
  RxSwift: 99e10317ddfcc7fbe01356aafd118fde4a0be104
  SearchTextField: a5bb7e4c33affadb115afdbe8100d84ef10a8024
  SkyFloatingLabelTextField: 4cbeece9c3aae97c6019d8fae511cb5b755874f7
  SnapKit: a42d492c16e80209130a3379f73596c3454b7694
  StyleDecorator: f2add5e75e08607e925f0bed173a96509ffd8ff0
  SwiftIconFont: ddaccaa3bb90fc21ebc528cfdf793342618a5cc2
  SwiftyGif: d36c6dfb52e2ca1e48fe349d225f50ec4123ec85
  SwiftyJSON: c29297daf073d2aa016295d5809cdd68045c39b3

PODFILE CHECKSUM: 35d57584a0776c070dffd8f52b643043931470ae

COCOAPODS: 1.5.3
